// !$*UTF8*$!
{
	archiveVersion = 1;
	classes = {
	};
	objectVersion = 56;
	objects = {

/* Begin PBXBuildFile section */
		A64956512B0ECF9800E889AB /* ContentViewModel.swift in Sources */ = {isa = PBXBuildFile; fileRef = A64956502B0ECF9800E889AB /* ContentViewModel.swift */; };
		A6513D132B2F21A600EB6B88 /* UIImageMeasureView.swift in Sources */ = {isa = PBXBuildFile; fileRef = A6513D122B2F21A600EB6B88 /* UIImageMeasureView.swift */; };
		A6513D152B2F25C000EB6B88 /* ImageViewWrapper.swift in Sources */ = {isa = PBXBuildFile; fileRef = A6513D142B2F25C000EB6B88 /* ImageViewWrapper.swift */; };
		A6513D172B2F26AB00EB6B88 /* shapes_png.png in Resources */ = {isa = PBXBuildFile; fileRef = A6513D162B2F26AB00EB6B88 /* shapes_png.png */; };
		A65DDF532B16EF6900A67FEC /* Base in Frameworks */ = {isa = PBXBuildFile; productRef = A65DDF522B16EF6900A67FEC /* Base */; };
		A65DDF552B16EF6900A67FEC /* BCRunner in Frameworks */ = {isa = PBXBuildFile; productRef = A65DDF542B16EF6900A67FEC /* BCRunner */; };
		A65DDF572B16EF6900A67FEC /* libcggen in Frameworks */ = {isa = PBXBuildFile; productRef = A65DDF562B16EF6900A67FEC /* libcggen */; };
		A65DDF592B16F46200A67FEC /* shapes.svg in Resources */ = {isa = PBXBuildFile; fileRef = A65DDF582B16F46200A67FEC /* shapes.svg */; };
		A6F3B7832AF14C1A0058EC83 /* CGGenTestApp.swift in Sources */ = {isa = PBXBuildFile; fileRef = A6F3B7822AF14C1A0058EC83 /* CGGenTestApp.swift */; };
		A6F3B7852AF14C1A0058EC83 /* ContentView.swift in Sources */ = {isa = PBXBuildFile; fileRef = A6F3B7842AF14C1A0058EC83 /* ContentView.swift */; };
		A6F3B7872AF14C1B0058EC83 /* Assets.xcassets in Resources */ = {isa = PBXBuildFile; fileRef = A6F3B7862AF14C1B0058EC83 /* Assets.xcassets */; };
		A6F3B78A2AF14C1B0058EC83 /* Preview Assets.xcassets in Resources */ = {isa = PBXBuildFile; fileRef = A6F3B7892AF14C1B0058EC83 /* Preview Assets.xcassets */; };
		A6F3B7922AF160630058EC83 /* cggen-bc-runner in Frameworks */ = {isa = PBXBuildFile; productRef = A6F3B7912AF160630058EC83 /* cggen-bc-runner */; };
		A6F3B7942AF160630058EC83 /* cggen in Frameworks */ = {isa = PBXBuildFile; productRef = A6F3B7932AF160630058EC83 /* cggen */; };
/* End PBXBuildFile section */

/* Begin PBXFileReference section */
		A64956502B0ECF9800E889AB /* ContentViewModel.swift */ = {isa = PBXFileReference; lastKnownFileType = sourcecode.swift; path = ContentViewModel.swift; sourceTree = "<group>"; };
		A6513D122B2F21A600EB6B88 /* UIImageMeasureView.swift */ = {isa = PBXFileReference; lastKnownFileType = sourcecode.swift; path = UIImageMeasureView.swift; sourceTree = "<group>"; };
		A6513D142B2F25C000EB6B88 /* ImageViewWrapper.swift */ = {isa = PBXFileReference; lastKnownFileType = sourcecode.swift; path = ImageViewWrapper.swift; sourceTree = "<group>"; };
		A6513D162B2F26AB00EB6B88 /* shapes_png.png */ = {isa = PBXFileReference; lastKnownFileType = image.png; path = shapes_png.png; sourceTree = "<group>"; };
		A65DDF582B16F46200A67FEC /* shapes.svg */ = {isa = PBXFileReference; fileEncoding = 4; lastKnownFileType = text.xml; path = shapes.svg; sourceTree = "<group>"; };
		A6F3B77F2AF14C1A0058EC83 /* CGGenTest.app */ = {isa = PBXFileReference; explicitFileType = wrapper.application; includeInIndex = 0; path = CGGenTest.app; sourceTree = BUILT_PRODUCTS_DIR; };
		A6F3B7822AF14C1A0058EC83 /* CGGenTestApp.swift */ = {isa = PBXFileReference; lastKnownFileType = sourcecode.swift; path = CGGenTestApp.swift; sourceTree = "<group>"; };
		A6F3B7842AF14C1A0058EC83 /* ContentView.swift */ = {isa = PBXFileReference; lastKnownFileType = sourcecode.swift; path = ContentView.swift; sourceTree = "<group>"; };
		A6F3B7862AF14C1B0058EC83 /* Assets.xcassets */ = {isa = PBXFileReference; lastKnownFileType = folder.assetcatalog; path = Assets.xcassets; sourceTree = "<group>"; };
		A6F3B7892AF14C1B0058EC83 /* Preview Assets.xcassets */ = {isa = PBXFileReference; lastKnownFileType = folder.assetcatalog; path = "Preview Assets.xcassets"; sourceTree = "<group>"; };
		A6F3B7962AF2712A0058EC83 /* cggen */ = {isa = PBXFileReference; lastKnownFileType = wrapper; name = cggen; path = ../../cggen; sourceTree = "<group>"; };
/* End PBXFileReference section */

/* Begin PBXFrameworksBuildPhase section */
		A6F3B77C2AF14C1A0058EC83 /* Frameworks */ = {
			isa = PBXFrameworksBuildPhase;
			buildActionMask = 2147483647;
			files = (
				A6F3B7922AF160630058EC83 /* cggen-bc-runner in Frameworks */,
				A65DDF532B16EF6900A67FEC /* Base in Frameworks */,
				A6F3B7942AF160630058EC83 /* cggen in Frameworks */,
				A65DDF552B16EF6900A67FEC /* BCRunner in Frameworks */,
				A65DDF572B16EF6900A67FEC /* libcggen in Frameworks */,
			);
			runOnlyForDeploymentPostprocessing = 0;
		};
/* End PBXFrameworksBuildPhase section */

/* Begin PBXGroup section */
		A65DDF512B16EF6900A67FEC /* Frameworks */ = {
			isa = PBXGroup;
			children = (
			);
			name = Frameworks;
			sourceTree = "<group>";
		};
		A6F3B7762AF14C1A0058EC83 = {
			isa = PBXGroup;
			children = (
				A6F3B7952AF2712A0058EC83 /* Packages */,
				A6F3B7812AF14C1A0058EC83 /* CGGenTest */,
				A6F3B7802AF14C1A0058EC83 /* Products */,
				A65DDF512B16EF6900A67FEC /* Frameworks */,
			);
			sourceTree = "<group>";
		};
		A6F3B7802AF14C1A0058EC83 /* Products */ = {
			isa = PBXGroup;
			children = (
				A6F3B77F2AF14C1A0058EC83 /* CGGenTest.app */,
			);
			name = Products;
			sourceTree = "<group>";
		};
		A6F3B7812AF14C1A0058EC83 /* CGGenTest */ = {
			isa = PBXGroup;
			children = (
				A65DDF582B16F46200A67FEC /* shapes.svg */,
				A6513D162B2F26AB00EB6B88 /* shapes_png.png */,
				A6F3B7822AF14C1A0058EC83 /* CGGenTestApp.swift */,
				A6F3B7842AF14C1A0058EC83 /* ContentView.swift */,
				A64956502B0ECF9800E889AB /* ContentViewModel.swift */,
				A6513D122B2F21A600EB6B88 /* UIImageMeasureView.swift */,
				A6513D142B2F25C000EB6B88 /* ImageViewWrapper.swift */,
				A6F3B7862AF14C1B0058EC83 /* Assets.xcassets */,
				A6F3B7882AF14C1B0058EC83 /* Preview Content */,
			);
			path = CGGenTest;
			sourceTree = "<group>";
		};
		A6F3B7882AF14C1B0058EC83 /* Preview Content */ = {
			isa = PBXGroup;
			children = (
				A6F3B7892AF14C1B0058EC83 /* Preview Assets.xcassets */,
			);
			path = "Preview Content";
			sourceTree = "<group>";
		};
		A6F3B7952AF2712A0058EC83 /* Packages */ = {
			isa = PBXGroup;
			children = (
				A6F3B7962AF2712A0058EC83 /* cggen */,
			);
			name = Packages;
			sourceTree = "<group>";
		};
/* End PBXGroup section */

/* Begin PBXNativeTarget section */
		A6F3B77E2AF14C1A0058EC83 /* CGGenTest */ = {
			isa = PBXNativeTarget;
			buildConfigurationList = A6F3B78D2AF14C1B0058EC83 /* Build configuration list for PBXNativeTarget "CGGenTest" */;
			buildPhases = (
				A6F3B77B2AF14C1A0058EC83 /* Sources */,
				A6F3B77C2AF14C1A0058EC83 /* Frameworks */,
				A6F3B77D2AF14C1A0058EC83 /* Resources */,
			);
			buildRules = (
			);
			dependencies = (
			);
			name = CGGenTest;
			packageProductDependencies = (
				A6F3B7912AF160630058EC83 /* cggen-bc-runner */,
				A6F3B7932AF160630058EC83 /* cggen */,
				A65DDF522B16EF6900A67FEC /* Base */,
				A65DDF542B16EF6900A67FEC /* BCRunner */,
				A65DDF562B16EF6900A67FEC /* libcggen */,
			);
			productName = CGGenTest;
			productReference = A6F3B77F2AF14C1A0058EC83 /* CGGenTest.app */;
			productType = "com.apple.product-type.application";
		};
/* End PBXNativeTarget section */

/* Begin PBXProject section */
		A6F3B7772AF14C1A0058EC83 /* Project object */ = {
			isa = PBXProject;
			attributes = {
				BuildIndependentTargetsInParallel = 1;
				LastSwiftUpdateCheck = 1420;
				LastUpgradeCheck = 1420;
				TargetAttributes = {
					A6F3B77E2AF14C1A0058EC83 = {
						CreatedOnToolsVersion = 14.2;
					};
				};
			};
			buildConfigurationList = A6F3B77A2AF14C1A0058EC83 /* Build configuration list for PBXProject "CGGenTest" */;
			compatibilityVersion = "Xcode 14.0";
			developmentRegion = en;
			hasScannedForEncodings = 0;
			knownRegions = (
				en,
				Base,
			);
			mainGroup = A6F3B7762AF14C1A0058EC83;
			packageReferences = (
				A6F3B7902AF160630058EC83 /* XCRemoteSwiftPackageReference "cggen" */,
			);
			productRefGroup = A6F3B7802AF14C1A0058EC83 /* Products */;
			projectDirPath = "";
			projectRoot = "";
			targets = (
				A6F3B77E2AF14C1A0058EC83 /* CGGenTest */,
			);
		};
/* End PBXProject section */

/* Begin PBXResourcesBuildPhase section */
		A6F3B77D2AF14C1A0058EC83 /* Resources */ = {
			isa = PBXResourcesBuildPhase;
			buildActionMask = 2147483647;
			files = (
				A6513D172B2F26AB00EB6B88 /* shapes_png.png in Resources */,
				A6F3B78A2AF14C1B0058EC83 /* Preview Assets.xcassets in Resources */,
				A65DDF592B16F46200A67FEC /* shapes.svg in Resources */,
				A6F3B7872AF14C1B0058EC83 /* Assets.xcassets in Resources */,
			);
			runOnlyForDeploymentPostprocessing = 0;
		};
/* End PBXResourcesBuildPhase section */

/* Begin PBXSourcesBuildPhase section */
		A6F3B77B2AF14C1A0058EC83 /* Sources */ = {
			isa = PBXSourcesBuildPhase;
			buildActionMask = 2147483647;
			files = (
				A6F3B7852AF14C1A0058EC83 /* ContentView.swift in Sources */,
				A6513D152B2F25C000EB6B88 /* ImageViewWrapper.swift in Sources */,
				A6513D132B2F21A600EB6B88 /* UIImageMeasureView.swift in Sources */,
				A6F3B7832AF14C1A0058EC83 /* CGGenTestApp.swift in Sources */,
				A64956512B0ECF9800E889AB /* ContentViewModel.swift in Sources */,
			);
			runOnlyForDeploymentPostprocessing = 0;
		};
/* End PBXSourcesBuildPhase section */

/* Begin XCBuildConfiguration section */
		A6F3B78B2AF14C1B0058EC83 /* Debug */ = {
			isa = XCBuildConfiguration;
			buildSettings = {
				ALWAYS_SEARCH_USER_PATHS = NO;
				CLANG_ANALYZER_NONNULL = YES;
				CLANG_ANALYZER_NUMBER_OBJECT_CONVERSION = YES_AGGRESSIVE;
				CLANG_CXX_LANGUAGE_STANDARD = "gnu++20";
				CLANG_ENABLE_MODULES = YES;
				CLANG_ENABLE_OBJC_ARC = YES;
				CLANG_ENABLE_OBJC_WEAK = YES;
				CLANG_WARN_BLOCK_CAPTURE_AUTORELEASING = YES;
				CLANG_WARN_BOOL_CONVERSION = YES;
				CLANG_WARN_COMMA = YES;
				CLANG_WARN_CONSTANT_CONVERSION = YES;
				CLANG_WARN_DEPRECATED_OBJC_IMPLEMENTATIONS = YES;
				CLANG_WARN_DIRECT_OBJC_ISA_USAGE = YES_ERROR;
				CLANG_WARN_DOCUMENTATION_COMMENTS = YES;
				CLANG_WARN_EMPTY_BODY = YES;
				CLANG_WARN_ENUM_CONVERSION = YES;
				CLANG_WARN_INFINITE_RECURSION = YES;
				CLANG_WARN_INT_CONVERSION = YES;
				CLANG_WARN_NON_LITERAL_NULL_CONVERSION = YES;
				CLANG_WARN_OBJC_IMPLICIT_RETAIN_SELF = YES;
				CLANG_WARN_OBJC_LITERAL_CONVERSION = YES;
				CLANG_WARN_OBJC_ROOT_CLASS = YES_ERROR;
				CLANG_WARN_QUOTED_INCLUDE_IN_FRAMEWORK_HEADER = YES;
				CLANG_WARN_RANGE_LOOP_ANALYSIS = YES;
				CLANG_WARN_STRICT_PROTOTYPES = YES;
				CLANG_WARN_SUSPICIOUS_MOVE = YES;
				CLANG_WARN_UNGUARDED_AVAILABILITY = YES_AGGRESSIVE;
				CLANG_WARN_UNREACHABLE_CODE = YES;
				CLANG_WARN__DUPLICATE_METHOD_MATCH = YES;
				COPY_PHASE_STRIP = NO;
				DEBUG_INFORMATION_FORMAT = dwarf;
				ENABLE_STRICT_OBJC_MSGSEND = YES;
				ENABLE_TESTABILITY = YES;
				GCC_C_LANGUAGE_STANDARD = gnu11;
				GCC_DYNAMIC_NO_PIC = NO;
				GCC_NO_COMMON_BLOCKS = YES;
				GCC_OPTIMIZATION_LEVEL = 0;
				GCC_PREPROCESSOR_DEFINITIONS = (
					"DEBUG=1",
					"$(inherited)",
				);
				GCC_WARN_64_TO_32_BIT_CONVERSION = YES;
				GCC_WARN_ABOUT_RETURN_TYPE = YES_ERROR;
				GCC_WARN_UNDECLARED_SELECTOR = YES;
				GCC_WARN_UNINITIALIZED_AUTOS = YES_AGGRESSIVE;
				GCC_WARN_UNUSED_FUNCTION = YES;
				GCC_WARN_UNUSED_VARIABLE = YES;
				IPHONEOS_DEPLOYMENT_TARGET = 16.0;
				MTL_ENABLE_DEBUG_INFO = INCLUDE_SOURCE;
				MTL_FAST_MATH = YES;
				ONLY_ACTIVE_ARCH = YES;
				"OTHER_LDFLAGS[arch=*]" = "-v";
				SDKROOT = iphoneos;
				SWIFT_ACTIVE_COMPILATION_CONDITIONS = DEBUG;
				SWIFT_OPTIMIZATION_LEVEL = "-Onone";
			};
			name = Debug;
		};
		A6F3B78C2AF14C1B0058EC83 /* Release */ = {
			isa = XCBuildConfiguration;
			buildSettings = {
				ALWAYS_SEARCH_USER_PATHS = NO;
				CLANG_ANALYZER_NONNULL = YES;
				CLANG_ANALYZER_NUMBER_OBJECT_CONVERSION = YES_AGGRESSIVE;
				CLANG_CXX_LANGUAGE_STANDARD = "gnu++20";
				CLANG_ENABLE_MODULES = YES;
				CLANG_ENABLE_OBJC_ARC = YES;
				CLANG_ENABLE_OBJC_WEAK = YES;
				CLANG_WARN_BLOCK_CAPTURE_AUTORELEASING = YES;
				CLANG_WARN_BOOL_CONVERSION = YES;
				CLANG_WARN_COMMA = YES;
				CLANG_WARN_CONSTANT_CONVERSION = YES;
				CLANG_WARN_DEPRECATED_OBJC_IMPLEMENTATIONS = YES;
				CLANG_WARN_DIRECT_OBJC_ISA_USAGE = YES_ERROR;
				CLANG_WARN_DOCUMENTATION_COMMENTS = YES;
				CLANG_WARN_EMPTY_BODY = YES;
				CLANG_WARN_ENUM_CONVERSION = YES;
				CLANG_WARN_INFINITE_RECURSION = YES;
				CLANG_WARN_INT_CONVERSION = YES;
				CLANG_WARN_NON_LITERAL_NULL_CONVERSION = YES;
				CLANG_WARN_OBJC_IMPLICIT_RETAIN_SELF = YES;
				CLANG_WARN_OBJC_LITERAL_CONVERSION = YES;
				CLANG_WARN_OBJC_ROOT_CLASS = YES_ERROR;
				CLANG_WARN_QUOTED_INCLUDE_IN_FRAMEWORK_HEADER = YES;
				CLANG_WARN_RANGE_LOOP_ANALYSIS = YES;
				CLANG_WARN_STRICT_PROTOTYPES = YES;
				CLANG_WARN_SUSPICIOUS_MOVE = YES;
				CLANG_WARN_UNGUARDED_AVAILABILITY = YES_AGGRESSIVE;
				CLANG_WARN_UNREACHABLE_CODE = YES;
				CLANG_WARN__DUPLICATE_METHOD_MATCH = YES;
				COPY_PHASE_STRIP = NO;
				DEBUG_INFORMATION_FORMAT = "dwarf-with-dsym";
				ENABLE_NS_ASSERTIONS = NO;
				ENABLE_STRICT_OBJC_MSGSEND = YES;
				GCC_C_LANGUAGE_STANDARD = gnu11;
				GCC_NO_COMMON_BLOCKS = YES;
				GCC_WARN_64_TO_32_BIT_CONVERSION = YES;
				GCC_WARN_ABOUT_RETURN_TYPE = YES_ERROR;
				GCC_WARN_UNDECLARED_SELECTOR = YES;
				GCC_WARN_UNINITIALIZED_AUTOS = YES_AGGRESSIVE;
				GCC_WARN_UNUSED_FUNCTION = YES;
				GCC_WARN_UNUSED_VARIABLE = YES;
				IPHONEOS_DEPLOYMENT_TARGET = 16.0;
				MTL_ENABLE_DEBUG_INFO = NO;
				MTL_FAST_MATH = YES;
				"OTHER_LDFLAGS[arch=*]" = "-v";
				SDKROOT = iphoneos;
				SWIFT_COMPILATION_MODE = wholemodule;
				SWIFT_OPTIMIZATION_LEVEL = "-O";
				VALIDATE_PRODUCT = YES;
			};
			name = Release;
		};
		A6F3B78E2AF14C1B0058EC83 /* Debug */ = {
			isa = XCBuildConfiguration;
			buildSettings = {
				ASSETCATALOG_COMPILER_APPICON_NAME = AppIcon;
				ASSETCATALOG_COMPILER_GLOBAL_ACCENT_COLOR_NAME = AccentColor;
				CODE_SIGN_IDENTITY = "Apple Development";
				CODE_SIGN_STYLE = Automatic;
				CURRENT_PROJECT_VERSION = 1;
				DEVELOPMENT_ASSET_PATHS = "\"CGGenTest/Preview Content\"";
				DEVELOPMENT_TEAM = 9N36M22CA6;
				ENABLE_PREVIEWS = YES;
				GENERATE_INFOPLIST_FILE = YES;
				INFOPLIST_KEY_UIApplicationSceneManifest_Generation = YES;
				INFOPLIST_KEY_UIApplicationSupportsIndirectInputEvents = YES;
				INFOPLIST_KEY_UILaunchScreen_Generation = YES;
				INFOPLIST_KEY_UISupportedInterfaceOrientations_iPad = "UIInterfaceOrientationPortrait UIInterfaceOrientationPortraitUpsideDown UIInterfaceOrientationLandscapeLeft UIInterfaceOrientationLandscapeRight";
				INFOPLIST_KEY_UISupportedInterfaceOrientations_iPhone = "UIInterfaceOrientationPortrait UIInterfaceOrientationLandscapeLeft UIInterfaceOrientationLandscapeRight";
				IPHONEOS_DEPLOYMENT_TARGET = 16.0;
				LD_RUNPATH_SEARCH_PATHS = (
					"$(inherited)",
					"@executable_path/Frameworks",
				);
				MARKETING_VERSION = 1.0;
				"OTHER_LDFLAGS[arch=*]" = "-v";
				PRODUCT_BUNDLE_IDENTIFIER = org.b1d2bd8fad073195.CGGenTest;
				PRODUCT_NAME = "$(TARGET_NAME)";
				PROVISIONING_PROFILE_SPECIFIER = "";
				SWIFT_EMIT_LOC_STRINGS = YES;
				SWIFT_VERSION = 5.0;
				TARGETED_DEVICE_FAMILY = "1,2";
			};
			name = Debug;
		};
		A6F3B78F2AF14C1B0058EC83 /* Release */ = {
			isa = XCBuildConfiguration;
			buildSettings = {
				ASSETCATALOG_COMPILER_APPICON_NAME = AppIcon;
				ASSETCATALOG_COMPILER_GLOBAL_ACCENT_COLOR_NAME = AccentColor;
				CODE_SIGN_IDENTITY = "Apple Development";
				CODE_SIGN_STYLE = Automatic;
				CURRENT_PROJECT_VERSION = 1;
				DEVELOPMENT_ASSET_PATHS = "\"CGGenTest/Preview Content\"";
				DEVELOPMENT_TEAM = 9N36M22CA6;
				ENABLE_PREVIEWS = YES;
				GENERATE_INFOPLIST_FILE = YES;
				INFOPLIST_KEY_UIApplicationSceneManifest_Generation = YES;
				INFOPLIST_KEY_UIApplicationSupportsIndirectInputEvents = YES;
				INFOPLIST_KEY_UILaunchScreen_Generation = YES;
				INFOPLIST_KEY_UISupportedInterfaceOrientations_iPad = "UIInterfaceOrientationPortrait UIInterfaceOrientationPortraitUpsideDown UIInterfaceOrientationLandscapeLeft UIInterfaceOrientationLandscapeRight";
				INFOPLIST_KEY_UISupportedInterfaceOrientations_iPhone = "UIInterfaceOrientationPortrait UIInterfaceOrientationLandscapeLeft UIInterfaceOrientationLandscapeRight";
				IPHONEOS_DEPLOYMENT_TARGET = 16.0;
				LD_RUNPATH_SEARCH_PATHS = (
					"$(inherited)",
					"@executable_path/Frameworks",
				);
				MARKETING_VERSION = 1.0;
				"OTHER_LDFLAGS[arch=*]" = "-v";
				PRODUCT_BUNDLE_IDENTIFIER = org.b1d2bd8fad073195.CGGenTest;
				PRODUCT_NAME = "$(TARGET_NAME)";
				PROVISIONING_PROFILE_SPECIFIER = "";
				SWIFT_EMIT_LOC_STRINGS = YES;
				SWIFT_VERSION = 5.0;
				TARGETED_DEVICE_FAMILY = "1,2";
			};
			name = Release;
		};
/* End XCBuildConfiguration section */

/* Begin XCConfigurationList section */
		A6F3B77A2AF14C1A0058EC83 /* Build configuration list for PBXProject "CGGenTest" */ = {
			isa = XCConfigurationList;
			buildConfigurations = (
				A6F3B78B2AF14C1B0058EC83 /* Debug */,
				A6F3B78C2AF14C1B0058EC83 /* Release */,
			);
			defaultConfigurationIsVisible = 0;
			defaultConfigurationName = Release;
		};
		A6F3B78D2AF14C1B0058EC83 /* Build configuration list for PBXNativeTarget "CGGenTest" */ = {
			isa = XCConfigurationList;
			buildConfigurations = (
				A6F3B78E2AF14C1B0058EC83 /* Debug */,
				A6F3B78F2AF14C1B0058EC83 /* Release */,
			);
			defaultConfigurationIsVisible = 0;
			defaultConfigurationName = Release;
		};
/* End XCConfigurationList section */

/* Begin XCRemoteSwiftPackageReference section */
		A6F3B7902AF160630058EC83 /* XCRemoteSwiftPackageReference "cggen" */ = {
			isa = XCRemoteSwiftPackageReference;
			repositoryURL = "https://github.com/yandex/cggen.git";
			requirement = {
				branch = main;
				kind = branch;
			};
		};
/* End XCRemoteSwiftPackageReference section */

/* Begin XCSwiftPackageProductDependency section */
		A65DDF522B16EF6900A67FEC /* Base */ = {
			isa = XCSwiftPackageProductDependency;
			package = A6F3B7902AF160630058EC83 /* XCRemoteSwiftPackageReference "cggen" */;
			productName = Base;
		};
		A65DDF542B16EF6900A67FEC /* BCRunner */ = {
			isa = XCSwiftPackageProductDependency;
			package = A6F3B7902AF160630058EC83 /* XCRemoteSwiftPackageReference "cggen" */;
			productName = BCRunner;
		};
		A65DDF562B16EF6900A67FEC /* libcggen */ = {
			isa = XCSwiftPackageProductDependency;
			package = A6F3B7902AF160630058EC83 /* XCRemoteSwiftPackageReference "cggen" */;
			productName = libcggen;
		};
		A6F3B7912AF160630058EC83 /* cggen-bc-runner */ = {
			isa = XCSwiftPackageProductDependency;
			package = A6F3B7902AF160630058EC83 /* XCRemoteSwiftPackageReference "cggen" */;
			productName = "cggen-bc-runner";
		};
		A6F3B7932AF160630058EC83 /* cggen */ = {
			isa = XCSwiftPackageProductDependency;
			package = A6F3B7902AF160630058EC83 /* XCRemoteSwiftPackageReference "cggen" */;
			productName = cggen;
		};
/* End XCSwiftPackageProductDependency section */
	};
	rootObject = A6F3B7772AF14C1A0058EC83 /* Project object */;
}
